
Microsoft Visual Studio Solution File, Format Version 12.00
# Visual Studio Version 16
VisualStudioVersion = 16.0.31005.135
MinimumVisualStudioVersion = 10.0.40219.1
Project("{9A19103F-16F7-4668-BE54-9A1E7A4F7556}") = "leave-management", "leave-management\leave-management.csproj", "{63A92553-CADB-4B3D-9261-BE7BFCC0D626}"
EndProject
Global
	GlobalSection(SolutionConfigurationPlatforms) = preSolution
		Debug|Any CPU = Debug|Any CPU
		Release|Any CPU = Release|Any CPU
	EndGlobalSection
	GlobalSection(ProjectConfigurationPlatforms) = postSolution
		{63A92553-CADB-4B3D-9261-BE7BFCC0D626}.Debug|Any CPU.ActiveCfg = Debug|Any CPU
		{63A92553-CADB-4B3D-9261-BE7BFCC0D626}.Debug|Any CPU.Build.0 = Debug|Any CPU
		{63A92553-CADB-4B3D-9261-BE7BFCC0D626}.Release|Any CPU.ActiveCfg = Release|Any CPU
		{63A92553-CADB-4B3D-9261-BE7BFCC0D626}.Release|Any CPU.Build.0 = Release|Any CPU
	EndGlobalSection
	GlobalSection(SolutionProperties) = preSolution
		HideSolutionNode = FALSE
	EndGlobalSection
	GlobalSection(ExtensibilityGlobals) = postSolution
		SolutionGuid = {C2B42C01-F481-4226-A57D-BE388CD64835}
	EndGlobalSection
EndGlobal
